
Microsoft Visual Studio Solution File, Format Version 12.00
# Visual Studio Version 17
VisualStudioVersion = 17.9.34902.65
MinimumVisualStudioVersion = 10.0.40219.1
Project("{9A19103F-16F7-4668-BE54-9A1E7A4F7556}") = "FridgeApp", "FridgeApp\FridgeApp.csproj", "{A1EB4489-2CC4-4E6F-8D28-36CA34C307BA}"
EndProject
Project("{FAE04EC0-301F-11D3-BF4B-00C04F79EFBC}") = "ArlaRecipeScraper", "ArlaRecipeScraper\ArlaRecipeScraper.csproj", "{00A62D47-484E-460B-BE41-635ADD78B46E}"
EndProject
Project("{FAE04EC0-301F-11D3-BF4B-00C04F79EFBC}") = "NemligIngredientScraper", "NemligIngredientScraper\NemligIngredientScraper.csproj", "{F986193B-1676-415B-9194-FBBEC43E8708}"
EndProject
Global
	GlobalSection(SolutionConfigurationPlatforms) = preSolution
		Debug|Any CPU = Debug|Any CPU
		Release|Any CPU = Release|Any CPU
	EndGlobalSection
	GlobalSection(ProjectConfigurationPlatforms) = postSolution
		{A1EB4489-2CC4-4E6F-8D28-36CA34C307BA}.Debug|Any CPU.ActiveCfg = Debug|Any CPU
		{A1EB4489-2CC4-4E6F-8D28-36CA34C307BA}.Debug|Any CPU.Build.0 = Debug|Any CPU
		{A1EB4489-2CC4-4E6F-8D28-36CA34C307BA}.Release|Any CPU.ActiveCfg = Release|Any CPU
		{A1EB4489-2CC4-4E6F-8D28-36CA34C307BA}.Release|Any CPU.Build.0 = Release|Any CPU
		{00A62D47-484E-460B-BE41-635ADD78B46E}.Debug|Any CPU.ActiveCfg = Debug|Any CPU
		{00A62D47-484E-460B-BE41-635ADD78B46E}.Debug|Any CPU.Build.0 = Debug|Any CPU
		{00A62D47-484E-460B-BE41-635ADD78B46E}.Release|Any CPU.ActiveCfg = Release|Any CPU
		{00A62D47-484E-460B-BE41-635ADD78B46E}.Release|Any CPU.Build.0 = Release|Any CPU
		{F986193B-1676-415B-9194-FBBEC43E8708}.Debug|Any CPU.ActiveCfg = Debug|Any CPU
		{F986193B-1676-415B-9194-FBBEC43E8708}.Debug|Any CPU.Build.0 = Debug|Any CPU
		{F986193B-1676-415B-9194-FBBEC43E8708}.Release|Any CPU.ActiveCfg = Release|Any CPU
		{F986193B-1676-415B-9194-FBBEC43E8708}.Release|Any CPU.Build.0 = Release|Any CPU
	EndGlobalSection
	GlobalSection(SolutionProperties) = preSolution
		HideSolutionNode = FALSE
	EndGlobalSection
	GlobalSection(ExtensibilityGlobals) = postSolution
		SolutionGuid = {D738370E-BA1A-4F74-A196-0EEDD779A040}
	EndGlobalSection
EndGlobal
